
Microsoft Visual Studio Solution File, Format Version 12.00
# Visual Studio Version 17
VisualStudioVersion = 17.1.32421.90
MinimumVisualStudioVersion = 10.0.40219.1
Project("{9A19103F-16F7-4668-BE54-9A1E7A4F7556}") = "miguelito-bot-events", "miguelito-bot-events\miguelito-bot-events.csproj", "{4DBBCD99-ED20-49CA-9C7F-0C70E7F89922}"
EndProject
Project("{9A19103F-16F7-4668-BE54-9A1E7A4F7556}") = "miguelito-bot-slashcommands", "miguelito-bot-slashcommands\miguelito-bot-slashcommands.csproj", "{288C3864-038C-4622-B3AF-DBFA599C7384}"
EndProject
Project("{9A19103F-16F7-4668-BE54-9A1E7A4F7556}") = "miguelito-bot-log", "miguelito-bot-log\miguelito-bot-log.csproj", "{7A421863-2E1F-4BD8-BE2E-C1049F487B3E}"
EndProject
Project("{9A19103F-16F7-4668-BE54-9A1E7A4F7556}") = "miguelito-bot-site", "miguelito-bot-site\miguelito-bot-site.csproj", "{C55CF2D5-C978-40F6-B481-489E9A7E2197}"
EndProject
Project("{FAE04EC0-301F-11D3-BF4B-00C04F79EFBC}") = "miguelito-bot", "miguelito-bot\miguelito-bot.csproj", "{7C575C70-A6CD-48EF-A89B-F21803E7EF57}"
EndProject
Global
	GlobalSection(SolutionConfigurationPlatforms) = preSolution
		Debug|Any CPU = Debug|Any CPU
		Release|Any CPU = Release|Any CPU
	EndGlobalSection
	GlobalSection(ProjectConfigurationPlatforms) = postSolution
		{4DBBCD99-ED20-49CA-9C7F-0C70E7F89922}.Debug|Any CPU.ActiveCfg = Debug|Any CPU
		{4DBBCD99-ED20-49CA-9C7F-0C70E7F89922}.Debug|Any CPU.Build.0 = Debug|Any CPU
		{4DBBCD99-ED20-49CA-9C7F-0C70E7F89922}.Release|Any CPU.ActiveCfg = Release|Any CPU
		{4DBBCD99-ED20-49CA-9C7F-0C70E7F89922}.Release|Any CPU.Build.0 = Release|Any CPU
		{288C3864-038C-4622-B3AF-DBFA599C7384}.Debug|Any CPU.ActiveCfg = Debug|Any CPU
		{288C3864-038C-4622-B3AF-DBFA599C7384}.Debug|Any CPU.Build.0 = Debug|Any CPU
		{288C3864-038C-4622-B3AF-DBFA599C7384}.Release|Any CPU.ActiveCfg = Release|Any CPU
		{288C3864-038C-4622-B3AF-DBFA599C7384}.Release|Any CPU.Build.0 = Release|Any CPU
		{7A421863-2E1F-4BD8-BE2E-C1049F487B3E}.Debug|Any CPU.ActiveCfg = Debug|Any CPU
		{7A421863-2E1F-4BD8-BE2E-C1049F487B3E}.Debug|Any CPU.Build.0 = Debug|Any CPU
		{7A421863-2E1F-4BD8-BE2E-C1049F487B3E}.Release|Any CPU.ActiveCfg = Release|Any CPU
		{7A421863-2E1F-4BD8-BE2E-C1049F487B3E}.Release|Any CPU.Build.0 = Release|Any CPU
		{C55CF2D5-C978-40F6-B481-489E9A7E2197}.Debug|Any CPU.ActiveCfg = Debug|Any CPU
		{C55CF2D5-C978-40F6-B481-489E9A7E2197}.Debug|Any CPU.Build.0 = Debug|Any CPU
		{C55CF2D5-C978-40F6-B481-489E9A7E2197}.Release|Any CPU.ActiveCfg = Release|Any CPU
		{C55CF2D5-C978-40F6-B481-489E9A7E2197}.Release|Any CPU.Build.0 = Release|Any CPU
		{7C575C70-A6CD-48EF-A89B-F21803E7EF57}.Debug|Any CPU.ActiveCfg = Debug|Any CPU
		{7C575C70-A6CD-48EF-A89B-F21803E7EF57}.Debug|Any CPU.Build.0 = Debug|Any CPU
		{7C575C70-A6CD-48EF-A89B-F21803E7EF57}.Release|Any CPU.ActiveCfg = Release|Any CPU
		{7C575C70-A6CD-48EF-A89B-F21803E7EF57}.Release|Any CPU.Build.0 = Release|Any CPU
	EndGlobalSection
	GlobalSection(SolutionProperties) = preSolution
		HideSolutionNode = FALSE
	EndGlobalSection
	GlobalSection(ExtensibilityGlobals) = postSolution
		SolutionGuid = {56E3DB62-39C6-4CAC-8586-44E7F43D4594}
	EndGlobalSection
EndGlobal
